{
  "name": "cdr.js",
  "version": "0.1.0",
  "lockfileVersion": 3,
  "requires": true,
  "packages": {
    "": {
      "name": "cdr.js",
      "version": "0.1.0",
      "license": "Apache-2.0",
      "bin": {
        "cdr": "bin/cdr.js"
      },
      "engines": {
        "node": ">=22.0.0"
      }
    }
  }
}
